
Microsoft Visual Studio Solution File, Format Version 12.00
# Visual Studio Version 17
VisualStudioVersion = 17.11.35327.3
MinimumVisualStudioVersion = 10.0.40219.1
Project("{9A19103F-16F7-4668-BE54-9A1E7A4F7556}") = "DotNetBatch14PPS.ConsoleApp", "DotNetBatch14PPS.ConsoleApp\DotNetBatch14PPS.ConsoleApp.csproj", "{9AD9B5F5-C2CD-4F83-A326-3A7AD750A9B3}"
EndProject
Project("{9A19103F-16F7-4668-BE54-9A1E7A4F7556}") = "DotNetBatch14PPS.ConsoleApp2", "ConsoleApp2\DotNetBatch14PPS.ConsoleApp2.csproj", "{ACFED892-6B6A-4158-877C-F542AC3D7655}"
EndProject
Project("{9A19103F-16F7-4668-BE54-9A1E7A4F7556}") = "DotNetBatch14PPS.ConsoleApp3", "ConsoleApp3\DotNetBatch14PPS.ConsoleApp3.csproj", "{CA7891B7-82FA-4FD3-8C31-BC1995AC84ED}"
EndProject
Project("{9A19103F-16F7-4668-BE54-9A1E7A4F7556}") = "DotNetBatch14PPS.ConsoleApp4", "ConsoleApp4\DotNetBatch14PPS.ConsoleApp4.csproj", "{6C3F2206-1119-4E86-90E7-703334CB532A}"
EndProject
Global
	GlobalSection(SolutionConfigurationPlatforms) = preSolution
		Debug|Any CPU = Debug|Any CPU
		Release|Any CPU = Release|Any CPU
	EndGlobalSection
	GlobalSection(ProjectConfigurationPlatforms) = postSolution
		{9AD9B5F5-C2CD-4F83-A326-3A7AD750A9B3}.Debug|Any CPU.ActiveCfg = Debug|Any CPU
		{9AD9B5F5-C2CD-4F83-A326-3A7AD750A9B3}.Debug|Any CPU.Build.0 = Debug|Any CPU
		{9AD9B5F5-C2CD-4F83-A326-3A7AD750A9B3}.Release|Any CPU.ActiveCfg = Release|Any CPU
		{9AD9B5F5-C2CD-4F83-A326-3A7AD750A9B3}.Release|Any CPU.Build.0 = Release|Any CPU
		{ACFED892-6B6A-4158-877C-F542AC3D7655}.Debug|Any CPU.ActiveCfg = Debug|Any CPU
		{ACFED892-6B6A-4158-877C-F542AC3D7655}.Debug|Any CPU.Build.0 = Debug|Any CPU
		{ACFED892-6B6A-4158-877C-F542AC3D7655}.Release|Any CPU.ActiveCfg = Release|Any CPU
		{ACFED892-6B6A-4158-877C-F542AC3D7655}.Release|Any CPU.Build.0 = Release|Any CPU
		{CA7891B7-82FA-4FD3-8C31-BC1995AC84ED}.Debug|Any CPU.ActiveCfg = Debug|Any CPU
		{CA7891B7-82FA-4FD3-8C31-BC1995AC84ED}.Debug|Any CPU.Build.0 = Debug|Any CPU
		{CA7891B7-82FA-4FD3-8C31-BC1995AC84ED}.Release|Any CPU.ActiveCfg = Release|Any CPU
		{CA7891B7-82FA-4FD3-8C31-BC1995AC84ED}.Release|Any CPU.Build.0 = Release|Any CPU
		{6C3F2206-1119-4E86-90E7-703334CB532A}.Debug|Any CPU.ActiveCfg = Debug|Any CPU
		{6C3F2206-1119-4E86-90E7-703334CB532A}.Debug|Any CPU.Build.0 = Debug|Any CPU
		{6C3F2206-1119-4E86-90E7-703334CB532A}.Release|Any CPU.ActiveCfg = Release|Any CPU
		{6C3F2206-1119-4E86-90E7-703334CB532A}.Release|Any CPU.Build.0 = Release|Any CPU
	EndGlobalSection
	GlobalSection(SolutionProperties) = preSolution
		HideSolutionNode = FALSE
	EndGlobalSection
	GlobalSection(ExtensibilityGlobals) = postSolution
		SolutionGuid = {D12C517B-55D6-455C-B0D1-C7F769603995}
	EndGlobalSection
EndGlobal
